
Microsoft Visual Studio Solution File, Format Version 12.00
# Visual Studio Version 17
VisualStudioVersion = 17.14.37216.2 d17.14
MinimumVisualStudioVersion = 10.0.40219.1
Project("{FAE04EC0-301F-11D3-BF4B-00C04F79EFBC}") = "IronFit", "IronFit\IronFit.csproj", "{BA0964AE-A2CE-4337-8EF4-1A2B89CDF3A9}"
EndProject
Global
	GlobalSection(SolutionConfigurationPlatforms) = preSolution
		Debug|Any CPU = Debug|Any CPU
		Release|Any CPU = Release|Any CPU
	EndGlobalSection
	GlobalSection(ProjectConfigurationPlatforms) = postSolution
		{BA0964AE-A2CE-4337-8EF4-1A2B89CDF3A9}.Debug|Any CPU.ActiveCfg = Debug|Any CPU
		{BA0964AE-A2CE-4337-8EF4-1A2B89CDF3A9}.Debug|Any CPU.Build.0 = Debug|Any CPU
		{BA0964AE-A2CE-4337-8EF4-1A2B89CDF3A9}.Release|Any CPU.ActiveCfg = Release|Any CPU
		{BA0964AE-A2CE-4337-8EF4-1A2B89CDF3A9}.Release|Any CPU.Build.0 = Release|Any CPU
	EndGlobalSection
	GlobalSection(SolutionProperties) = preSolution
		HideSolutionNode = FALSE
	EndGlobalSection
	GlobalSection(ExtensibilityGlobals) = postSolution
		SolutionGuid = {D9D2BF7D-A278-4E14-A16E-491EB5B37969}
	EndGlobalSection
EndGlobal
