
Microsoft Visual Studio Solution File, Format Version 12.00
# Visual Studio Version 17
VisualStudioVersion = 17.14.37216.2 d17.14
MinimumVisualStudioVersion = 10.0.40219.1
Project("{FAE04EC0-301F-11D3-BF4B-00C04F79EFBC}") = "Estudio1", "Estudio1\Estudio1.csproj", "{3D989BB1-28CB-4085-A15E-5AE77ABB0248}"
EndProject
Global
	GlobalSection(SolutionConfigurationPlatforms) = preSolution
		Debug|Any CPU = Debug|Any CPU
		Release|Any CPU = Release|Any CPU
	EndGlobalSection
	GlobalSection(ProjectConfigurationPlatforms) = postSolution
		{3D989BB1-28CB-4085-A15E-5AE77ABB0248}.Debug|Any CPU.ActiveCfg = Debug|Any CPU
		{3D989BB1-28CB-4085-A15E-5AE77ABB0248}.Debug|Any CPU.Build.0 = Debug|Any CPU
		{3D989BB1-28CB-4085-A15E-5AE77ABB0248}.Release|Any CPU.ActiveCfg = Release|Any CPU
		{3D989BB1-28CB-4085-A15E-5AE77ABB0248}.Release|Any CPU.Build.0 = Release|Any CPU
	EndGlobalSection
	GlobalSection(SolutionProperties) = preSolution
		HideSolutionNode = FALSE
	EndGlobalSection
	GlobalSection(ExtensibilityGlobals) = postSolution
		SolutionGuid = {4216D186-A94D-4E18-98E8-08FBD0548220}
	EndGlobalSection
EndGlobal
