
Microsoft Visual Studio Solution File, Format Version 12.00
# Visual Studio Version 17
VisualStudioVersion = 17.14.37216.2 d17.14
MinimumVisualStudioVersion = 10.0.40219.1
Project("{FAE04EC0-301F-11D3-BF4B-00C04F79EFBC}") = "SimulacroFinal", "SimulacroFinal\SimulacroFinal.csproj", "{D1848828-B3DB-4B31-9420-F903B0577323}"
EndProject
Global
	GlobalSection(SolutionConfigurationPlatforms) = preSolution
		Debug|Any CPU = Debug|Any CPU
		Release|Any CPU = Release|Any CPU
	EndGlobalSection
	GlobalSection(ProjectConfigurationPlatforms) = postSolution
		{D1848828-B3DB-4B31-9420-F903B0577323}.Debug|Any CPU.ActiveCfg = Debug|Any CPU
		{D1848828-B3DB-4B31-9420-F903B0577323}.Debug|Any CPU.Build.0 = Debug|Any CPU
		{D1848828-B3DB-4B31-9420-F903B0577323}.Release|Any CPU.ActiveCfg = Release|Any CPU
		{D1848828-B3DB-4B31-9420-F903B0577323}.Release|Any CPU.Build.0 = Release|Any CPU
	EndGlobalSection
	GlobalSection(SolutionProperties) = preSolution
		HideSolutionNode = FALSE
	EndGlobalSection
	GlobalSection(ExtensibilityGlobals) = postSolution
		SolutionGuid = {636323BC-96A4-4165-BCE6-F8994B92F2DE}
	EndGlobalSection
EndGlobal
